
Microsoft Visual Studio Solution File, Format Version 12.00
# Visual Studio Version 17
VisualStudioVersion = 17.9.34607.119
MinimumVisualStudioVersion = 10.0.40219.1
Project("{9A19103F-16F7-4668-BE54-9A1E7A4F7556}") = "SerialToTcpRelay", "SerialToTcpRelay\SerialToTcpRelay.csproj", "{D38404A4-66D8-42CD-A84C-D846D44D0DED}"
EndProject
Project("{9A19103F-16F7-4668-BE54-9A1E7A4F7556}") = "SerialToTcpRelayClient", "SerialToTcpRelayClient\SerialToTcpRelayClient.csproj", "{1F2E9CBB-8504-4579-9016-8A8FC9A0E5A2}"
EndProject
Project("{FAE04EC0-301F-11D3-BF4B-00C04F79EFBC}") = "SerialToTcpRelayTest", "SerialToTcpRelayTest\SerialToTcpRelayTest.csproj", "{CF592A67-49A1-4D1F-A0E6-BD5A46CBC8E2}"
EndProject
Global
	GlobalSection(SolutionConfigurationPlatforms) = preSolution
		Debug|Any CPU = Debug|Any CPU
		Release|Any CPU = Release|Any CPU
	EndGlobalSection
	GlobalSection(ProjectConfigurationPlatforms) = postSolution
		{D38404A4-66D8-42CD-A84C-D846D44D0DED}.Debug|Any CPU.ActiveCfg = Debug|Any CPU
		{D38404A4-66D8-42CD-A84C-D846D44D0DED}.Debug|Any CPU.Build.0 = Debug|Any CPU
		{D38404A4-66D8-42CD-A84C-D846D44D0DED}.Release|Any CPU.ActiveCfg = Release|Any CPU
		{D38404A4-66D8-42CD-A84C-D846D44D0DED}.Release|Any CPU.Build.0 = Release|Any CPU
		{1F2E9CBB-8504-4579-9016-8A8FC9A0E5A2}.Debug|Any CPU.ActiveCfg = Debug|Any CPU
		{1F2E9CBB-8504-4579-9016-8A8FC9A0E5A2}.Debug|Any CPU.Build.0 = Debug|Any CPU
		{1F2E9CBB-8504-4579-9016-8A8FC9A0E5A2}.Release|Any CPU.ActiveCfg = Release|Any CPU
		{1F2E9CBB-8504-4579-9016-8A8FC9A0E5A2}.Release|Any CPU.Build.0 = Release|Any CPU
		{CF592A67-49A1-4D1F-A0E6-BD5A46CBC8E2}.Debug|Any CPU.ActiveCfg = Debug|Any CPU
		{CF592A67-49A1-4D1F-A0E6-BD5A46CBC8E2}.Debug|Any CPU.Build.0 = Debug|Any CPU
		{CF592A67-49A1-4D1F-A0E6-BD5A46CBC8E2}.Release|Any CPU.ActiveCfg = Release|Any CPU
		{CF592A67-49A1-4D1F-A0E6-BD5A46CBC8E2}.Release|Any CPU.Build.0 = Release|Any CPU
	EndGlobalSection
	GlobalSection(SolutionProperties) = preSolution
		HideSolutionNode = FALSE
	EndGlobalSection
	GlobalSection(ExtensibilityGlobals) = postSolution
		SolutionGuid = {4494178C-79E7-428A-BF59-ADB18116453E}
	EndGlobalSection
EndGlobal
